
Microsoft Visual Studio Solution File, Format Version 12.00
# Visual Studio Version 17
VisualStudioVersion = 17.3.32901.215
MinimumVisualStudioVersion = 10.0.40219.1
Project("{FAE04EC0-301F-11D3-BF4B-00C04F79EFBC}") = "Metodlar", "Metodlar\Metodlar.csproj", "{D35B6820-3536-4E83-A62C-5DAA5C9F99E6}"
EndProject
Project("{FAE04EC0-301F-11D3-BF4B-00C04F79EFBC}") = "Metodlar2", "Metodlar2\Metodlar2.csproj", "{F091F12C-A6DD-4591-8878-7928322A6AFE}"
EndProject
Project("{FAE04EC0-301F-11D3-BF4B-00C04F79EFBC}") = "Medotlar3", "Medotlar3\Medotlar3.csproj", "{5A35190F-C63E-41B8-82F1-7BD37661029B}"
EndProject
Project("{FAE04EC0-301F-11D3-BF4B-00C04F79EFBC}") = "Metodlar4", "Metodlar4\Metodlar4.csproj", "{C72231AA-FCCB-4B2C-8979-9517C1FF1D60}"
EndProject
Global
	GlobalSection(SolutionConfigurationPlatforms) = preSolution
		Debug|Any CPU = Debug|Any CPU
		Release|Any CPU = Release|Any CPU
	EndGlobalSection
	GlobalSection(ProjectConfigurationPlatforms) = postSolution
		{D35B6820-3536-4E83-A62C-5DAA5C9F99E6}.Debug|Any CPU.ActiveCfg = Debug|Any CPU
		{D35B6820-3536-4E83-A62C-5DAA5C9F99E6}.Debug|Any CPU.Build.0 = Debug|Any CPU
		{D35B6820-3536-4E83-A62C-5DAA5C9F99E6}.Release|Any CPU.ActiveCfg = Release|Any CPU
		{D35B6820-3536-4E83-A62C-5DAA5C9F99E6}.Release|Any CPU.Build.0 = Release|Any CPU
		{F091F12C-A6DD-4591-8878-7928322A6AFE}.Debug|Any CPU.ActiveCfg = Debug|Any CPU
		{F091F12C-A6DD-4591-8878-7928322A6AFE}.Debug|Any CPU.Build.0 = Debug|Any CPU
		{F091F12C-A6DD-4591-8878-7928322A6AFE}.Release|Any CPU.ActiveCfg = Release|Any CPU
		{F091F12C-A6DD-4591-8878-7928322A6AFE}.Release|Any CPU.Build.0 = Release|Any CPU
		{5A35190F-C63E-41B8-82F1-7BD37661029B}.Debug|Any CPU.ActiveCfg = Debug|Any CPU
		{5A35190F-C63E-41B8-82F1-7BD37661029B}.Debug|Any CPU.Build.0 = Debug|Any CPU
		{5A35190F-C63E-41B8-82F1-7BD37661029B}.Release|Any CPU.ActiveCfg = Release|Any CPU
		{5A35190F-C63E-41B8-82F1-7BD37661029B}.Release|Any CPU.Build.0 = Release|Any CPU
		{C72231AA-FCCB-4B2C-8979-9517C1FF1D60}.Debug|Any CPU.ActiveCfg = Debug|Any CPU
		{C72231AA-FCCB-4B2C-8979-9517C1FF1D60}.Debug|Any CPU.Build.0 = Debug|Any CPU
		{C72231AA-FCCB-4B2C-8979-9517C1FF1D60}.Release|Any CPU.ActiveCfg = Release|Any CPU
		{C72231AA-FCCB-4B2C-8979-9517C1FF1D60}.Release|Any CPU.Build.0 = Release|Any CPU
	EndGlobalSection
	GlobalSection(SolutionProperties) = preSolution
		HideSolutionNode = FALSE
	EndGlobalSection
	GlobalSection(ExtensibilityGlobals) = postSolution
		SolutionGuid = {83A1B7AC-FCD9-408D-BB60-2378F62B9E37}
	EndGlobalSection
EndGlobal
